
Microsoft Visual Studio Solution File, Format Version 12.00
# Visual Studio Version 17
VisualStudioVersion = 17.4.33110.190
MinimumVisualStudioVersion = 10.0.40219.1
Project("{FAE04EC0-301F-11D3-BF4B-00C04F79EFBC}") = "CosmeticWebApplication", "CosmeticWebApplication\CosmeticWebApplication.csproj", "{385F9E40-B240-4E91-9FE9-1AD3EEEF1898}"
EndProject
Global
	GlobalSection(SolutionConfigurationPlatforms) = preSolution
		Debug|Any CPU = Debug|Any CPU
		Release|Any CPU = Release|Any CPU
	EndGlobalSection
	GlobalSection(ProjectConfigurationPlatforms) = postSolution
		{385F9E40-B240-4E91-9FE9-1AD3EEEF1898}.Debug|Any CPU.ActiveCfg = Debug|Any CPU
		{385F9E40-B240-4E91-9FE9-1AD3EEEF1898}.Debug|Any CPU.Build.0 = Debug|Any CPU
		{385F9E40-B240-4E91-9FE9-1AD3EEEF1898}.Release|Any CPU.ActiveCfg = Release|Any CPU
		{385F9E40-B240-4E91-9FE9-1AD3EEEF1898}.Release|Any CPU.Build.0 = Release|Any CPU
	EndGlobalSection
	GlobalSection(SolutionProperties) = preSolution
		HideSolutionNode = FALSE
	EndGlobalSection
	GlobalSection(ExtensibilityGlobals) = postSolution
		SolutionGuid = {8E7D5D0C-6644-4766-92E1-0059AFD7D22E}
	EndGlobalSection
EndGlobal
